
Microsoft Visual Studio Solution File, Format Version 12.00
# Visual Studio Version 16
VisualStudioVersion = 16.0.32407.337
MinimumVisualStudioVersion = 10.0.40219.1
Project("{FAE04EC0-301F-11D3-BF4B-00C04F79EFBC}") = "GoogleWorkshop -- BE", "GoogleWorkshop -- BE\GoogleWorkshop -- BE.csproj", "{0D34CCAA-12AC-4A51-AD60-31337F53D2BA}"
EndProject
Global
	GlobalSection(SolutionConfigurationPlatforms) = preSolution
		Debug|Any CPU = Debug|Any CPU
		Release|Any CPU = Release|Any CPU
	EndGlobalSection
	GlobalSection(ProjectConfigurationPlatforms) = postSolution
		{0D34CCAA-12AC-4A51-AD60-31337F53D2BA}.Debug|Any CPU.ActiveCfg = Debug|Any CPU
		{0D34CCAA-12AC-4A51-AD60-31337F53D2BA}.Debug|Any CPU.Build.0 = Debug|Any CPU
		{0D34CCAA-12AC-4A51-AD60-31337F53D2BA}.Release|Any CPU.ActiveCfg = Release|Any CPU
		{0D34CCAA-12AC-4A51-AD60-31337F53D2BA}.Release|Any CPU.Build.0 = Release|Any CPU
	EndGlobalSection
	GlobalSection(SolutionProperties) = preSolution
		HideSolutionNode = FALSE
	EndGlobalSection
	GlobalSection(ExtensibilityGlobals) = postSolution
		SolutionGuid = {C7B88F33-456F-4C35-94DC-896172F0317C}
	EndGlobalSection
EndGlobal
